
Microsoft Visual Studio Solution File, Format Version 12.00
# Visual Studio 2012
Project("{FAE04EC0-301F-11D3-BF4B-00C04F79EFBC}") = "标签云", "标签云\标签云.csproj", "{D382433C-CB1C-45A9-B3C8-8C9406669BD6}"
EndProject
Global
	GlobalSection(SolutionConfigurationPlatforms) = preSolution
		Debug|Any CPU = Debug|Any CPU
		Release|Any CPU = Release|Any CPU
	EndGlobalSection
	GlobalSection(ProjectConfigurationPlatforms) = postSolution
		{D382433C-CB1C-45A9-B3C8-8C9406669BD6}.Debug|Any CPU.ActiveCfg = Debug|Any CPU
		{D382433C-CB1C-45A9-B3C8-8C9406669BD6}.Debug|Any CPU.Build.0 = Debug|Any CPU
		{D382433C-CB1C-45A9-B3C8-8C9406669BD6}.Release|Any CPU.ActiveCfg = Release|Any CPU
		{D382433C-CB1C-45A9-B3C8-8C9406669BD6}.Release|Any CPU.Build.0 = Release|Any CPU
	EndGlobalSection
	GlobalSection(SolutionProperties) = preSolution
		HideSolutionNode = FALSE
	EndGlobalSection
EndGlobal
